{
  "version": 1,
  "dependencies": {
    "net10.0": {
      "contentful.csharp": {
        "type": "Direct",
        "requested": "[8.6.1, )",
        "resolved": "8.6.1",
        "contentHash": "eLcGup9fXCFFvl5jBtCpkKpUWf00KutG0yoQXpoPXs3C2y21K61p1+1o6D8RQsFksXhfnwuITTDL0KUaTwwZvg==",
        "dependencies": {
          "Newtonsoft.Json": "13.0.1"
        }
      },
      "Microsoft.Extensions.Configuration": {
        "type": "Direct",
        "requested": "[9.0.20, )",
        "resolved": "9.0.20",
        "contentHash": "KngvajKBObYRTaYSAAtmGFChsc9ulfOqbrWqO4pJ+n8yzxdlO3MxssiHpg+ivQjk9zF8h7n9xTwwZfCMebgw6A==",
        "dependencies": {
          "Microsoft.Extensions.Configuration.Abstractions": "9.0.20",
          "Microsoft.Extensions.Primitives": "9.0.20"
        }
      },
      "Microsoft.Extensions.Configuration.Binder": {
        "type": "Direct",
        "requested": "[9.0.20, )",
        "resolved": "9.0.20",
        "contentHash": "tDzDtqZeuDHsJETHjrT7uirC7hAdcmOC/Q9zhfqV7Ta9Jqc9NfvYSuDA0cM5yaSDyIvOTobfL18+aR8lQfbQxA==",
        "dependencies": {
          "Microsoft.Extensions.Configuration.Abstractions": "9.0.20"
        }
      },
      "Microsoft.Extensions.Configuration.EnvironmentVariables": {
        "type": "Direct",
        "requested": "[9.0.20, )",
        "resolved": "9.0.20",
        "contentHash": "hAwUwxzQrxWK0gdLDuuBWzYZvIQGOfoBm48lPkiP+jaXoUsDG1/cmqkv+En5+4uFia1FIBmv7F1b5jtRMm+GxA==",
        "dependencies": {
          "Microsoft.Extensions.Configuration": "9.0.20",
          "Microsoft.Extensions.Configuration.Abstractions": "9.0.20"
        }
      },
      "Microsoft.Extensions.Configuration.Json": {
        "type": "Direct",
        "requested": "[9.0.20, )",
        "resolved": "9.0.20",
        "contentHash": "Iv77it+0et0cl2XIs/0KGrxmWQSzWcL2SG9yxUNNgdNaxwx70CPV+CgC6YiioFlJMaZgcs12fd0yltbdGorDng==",
        "dependencies": {
          "Microsoft.Extensions.Configuration": "9.0.20",
          "Microsoft.Extensions.Configuration.Abstractions": "9.0.20",
          "Microsoft.Extensions.Configuration.FileExtensions": "9.0.20",
          "Microsoft.Extensions.FileProviders.Abstractions": "9.0.20"
        }
      },
      "Microsoft.Extensions.Configuration.UserSecrets": {
        "type": "Direct",
        "requested": "[9.0.20, )",
        "resolved": "9.0.20",
        "contentHash": "DVv0BRL09Zeln5N7yObUeXvsTjaO/aAqD8RO6bcuSHE0p4yfcrsjytxcvq4JJnSI3gLSsaevNhhhf+iqsJgSpw==",
        "dependencies": {
          "Microsoft.Extensions.Configuration.Abstractions": "9.0.20",
          "Microsoft.Extensions.Configuration.Json": "9.0.20",
          "Microsoft.Extensions.FileProviders.Abstractions": "9.0.20",
          "Microsoft.Extensions.FileProviders.Physical": "9.0.20"
        }
      },
      "Microsoft.Extensions.Configuration.Abstractions": {
        "type": "Transitive",
        "resolved": "9.0.20",
        "contentHash": "wNR2jEXCTwMKXKi/iWvi3PfRaxtU2j3VmzYHsbVhllQTKRpr1HmHewdwkLhlYk/VatbqDmprW1+tN2O/BA5OKA==",
        "dependencies": {
          "Microsoft.Extensions.Primitives": "9.0.20"
        }
      },
      "Microsoft.Extensions.Configuration.FileExtensions": {
        "type": "Transitive",
        "resolved": "9.0.20",
        "contentHash": "JptBm8cl5sCKXuXYubILRg0/UMPPR0H9HK/WZWyKEYgcj76s3vFWsq90mBp60fiWL6Wou7UxLfRzh+sOfs0T4A==",
        "dependencies": {
          "Microsoft.Extensions.Configuration": "9.0.20",
          "Microsoft.Extensions.Configuration.Abstractions": "9.0.20",
          "Microsoft.Extensions.FileProviders.Abstractions": "9.0.20",
          "Microsoft.Extensions.FileProviders.Physical": "9.0.20",
          "Microsoft.Extensions.Primitives": "9.0.20"
        }
      },
      "Microsoft.Extensions.FileProviders.Abstractions": {
        "type": "Transitive",
        "resolved": "9.0.20",
        "contentHash": "lXph8HG8+ndo+qDKlxO9oQQlmwTWELWnO8Gs/LsTzzqMyonQAhOv366bDL4hyFL8nfI9sl2UWKBx87YIacZnSw==",
        "dependencies": {
          "Microsoft.Extensions.Primitives": "9.0.20"
        }
      },
      "Microsoft.Extensions.FileProviders.Physical": {
        "type": "Transitive",
        "resolved": "9.0.20",
        "contentHash": "VrZiE6waROECbzEJnDbpeEBV9ybD6J3NVAU1MEpD7WS3EnbMRw2sheyRkpK1b+8NDs/EsK7MfIEKvbFd2xk4yA==",
        "dependencies": {
          "Microsoft.Extensions.FileProviders.Abstractions": "9.0.20",
          "Microsoft.Extensions.FileSystemGlobbing": "9.0.20",
          "Microsoft.Extensions.Primitives": "9.0.20"
        }
      },
      "Microsoft.Extensions.FileSystemGlobbing": {
        "type": "Transitive",
        "resolved": "9.0.20",
        "contentHash": "86CswRTsFR2KD8TSBjafIhPFe09vEbNt+37ObC+TrF7p64UsfG3qwEATOgWmwdhKrfjrTt0siSoH6npLa2rKXw=="
      },
      "Microsoft.Extensions.Primitives": {
        "type": "Transitive",
        "resolved": "9.0.20",
        "contentHash": "F9PkV2d5cHwibxxgklXhXtvVgZlPCJ0rkuY+jpa34o3vdUr0DcGX7XQkZouWuoDSZoYF0gUydM778d0wNpwB+Q=="
      },
      "Newtonsoft.Json": {
        "type": "Transitive",
        "resolved": "13.0.1",
        "contentHash": "ppPFpBcvxdsfUonNcvITKqLl3bqxWbDCZIzDWHzjpdAHRFfZe0Dw9HmA0+za13IdyrgJwpkDTDA9fHaxOrt20A=="
      }
    }
  }
}