{
  "version": 1,
  "dependencies": {
    "net10.0": {
      "contentful.csharp": {
        "type": "Direct",
        "requested": "[8.6.1, )",
        "resolved": "8.6.1",
        "contentHash": "eLcGup9fXCFFvl5jBtCpkKpUWf00KutG0yoQXpoPXs3C2y21K61p1+1o6D8RQsFksXhfnwuITTDL0KUaTwwZvg==",
        "dependencies": {
          "Newtonsoft.Json": "13.0.1"
        }
      },
      "Microsoft.Extensions.Configuration": {
        "type": "Direct",
        "requested": "[9.0.19, )",
        "resolved": "9.0.19",
        "contentHash": "GjfIrx476eohF2mvSDnxbMRiYP4vA/4lxQW3rhaGMqUzJnNVGtFX48qsJMalFxz9sbQGLYcHYZ5s9+ggXQpKtg==",
        "dependencies": {
          "Microsoft.Extensions.Configuration.Abstractions": "9.0.19",
          "Microsoft.Extensions.Primitives": "9.0.19"
        }
      },
      "Microsoft.Extensions.Configuration.Binder": {
        "type": "Direct",
        "requested": "[9.0.19, )",
        "resolved": "9.0.19",
        "contentHash": "Yt1c3o8W3ZH+fYFJ6RXBCv152pcM/7mlER5fTvd7Skr85fTETNpNKbWDie1Oo3Ozb1+TFZXysAjsCrAJtEEXGQ==",
        "dependencies": {
          "Microsoft.Extensions.Configuration.Abstractions": "9.0.19"
        }
      },
      "Microsoft.Extensions.Configuration.EnvironmentVariables": {
        "type": "Direct",
        "requested": "[9.0.19, )",
        "resolved": "9.0.19",
        "contentHash": "wx683QPEE1ZNiy+Jf9ClP+Gmu9YMlMSRXlxpYxgl1yRnbOrjkn8axMlJG/HNhbdzulsVXLpLm7nnnyqrAjDRKw==",
        "dependencies": {
          "Microsoft.Extensions.Configuration": "9.0.19",
          "Microsoft.Extensions.Configuration.Abstractions": "9.0.19"
        }
      },
      "Microsoft.Extensions.Configuration.Json": {
        "type": "Direct",
        "requested": "[9.0.19, )",
        "resolved": "9.0.19",
        "contentHash": "9GWL9luynoimizIJtlI8e2g9YcxlR5hJrzCB710i8BYIpK5cO3hD8QFlLDLB5z15weNHAhgyJ1YPgxpAz/8xpA==",
        "dependencies": {
          "Microsoft.Extensions.Configuration": "9.0.19",
          "Microsoft.Extensions.Configuration.Abstractions": "9.0.19",
          "Microsoft.Extensions.Configuration.FileExtensions": "9.0.19",
          "Microsoft.Extensions.FileProviders.Abstractions": "9.0.19"
        }
      },
      "Microsoft.Extensions.Configuration.UserSecrets": {
        "type": "Direct",
        "requested": "[9.0.19, )",
        "resolved": "9.0.19",
        "contentHash": "yy8KFgzkmRY1MgIoonjJxwCYveu7J5hmM8WYn19Ix3av3B9efQ5OLW8VL1sB5WCJEjWX6ziycNq20FTEgJOljg==",
        "dependencies": {
          "Microsoft.Extensions.Configuration.Abstractions": "9.0.19",
          "Microsoft.Extensions.Configuration.Json": "9.0.19",
          "Microsoft.Extensions.FileProviders.Abstractions": "9.0.19",
          "Microsoft.Extensions.FileProviders.Physical": "9.0.19"
        }
      },
      "Microsoft.Extensions.Configuration.Abstractions": {
        "type": "Transitive",
        "resolved": "9.0.19",
        "contentHash": "M6h5lX6QWSSn7FDeRUHePZen/xvxPsuhcX1VpBfefafqavn2BnfxheR7BH5D5AIZGM7Nah0xJKnq2DublD4doQ==",
        "dependencies": {
          "Microsoft.Extensions.Primitives": "9.0.19"
        }
      },
      "Microsoft.Extensions.Configuration.FileExtensions": {
        "type": "Transitive",
        "resolved": "9.0.19",
        "contentHash": "dkvxLAVhsdftHRdddMYj6gTCbbPYFiqeC+IMViwfIBKgkrAi6We+iRqBZbRQ6ioZxRvO4oc5Z7oybNKFIzKq0g==",
        "dependencies": {
          "Microsoft.Extensions.Configuration": "9.0.19",
          "Microsoft.Extensions.Configuration.Abstractions": "9.0.19",
          "Microsoft.Extensions.FileProviders.Abstractions": "9.0.19",
          "Microsoft.Extensions.FileProviders.Physical": "9.0.19",
          "Microsoft.Extensions.Primitives": "9.0.19"
        }
      },
      "Microsoft.Extensions.FileProviders.Abstractions": {
        "type": "Transitive",
        "resolved": "9.0.19",
        "contentHash": "raArfuC+4kERkNxWrlCXO7H+QAk5yUtmNxiymr+ItP5HKQfMjLhQ68zdajqmd5kgwIIUiMpPGIhUpf7t9+cC0w==",
        "dependencies": {
          "Microsoft.Extensions.Primitives": "9.0.19"
        }
      },
      "Microsoft.Extensions.FileProviders.Physical": {
        "type": "Transitive",
        "resolved": "9.0.19",
        "contentHash": "CXY2qbXMR7lLAurrlWfjDLsYyQfnGw2EoX4cYCH7cayqqmp3PcGt4e1AWDHACBj6+ftRUx6V1AqXzb9H7IzerA==",
        "dependencies": {
          "Microsoft.Extensions.FileProviders.Abstractions": "9.0.19",
          "Microsoft.Extensions.FileSystemGlobbing": "9.0.19",
          "Microsoft.Extensions.Primitives": "9.0.19"
        }
      },
      "Microsoft.Extensions.FileSystemGlobbing": {
        "type": "Transitive",
        "resolved": "9.0.19",
        "contentHash": "VSiwgkVzLmV4fvfTMb00dPUHHIp14kXEr0DO/46A/3nxwn2xYXQ1nhKdF6ZrZqBa74jvoFS8GrLyMHtF2DzPLA=="
      },
      "Microsoft.Extensions.Primitives": {
        "type": "Transitive",
        "resolved": "9.0.19",
        "contentHash": "9hIg8PQiMnpVFIsEHm25Wi1gBrPa2pS1G75uveyDUVLXrNKqBap9WGwQIgO0s6LUgRAOdsSYnbKbNC5b1G5Pcg=="
      },
      "Newtonsoft.Json": {
        "type": "Transitive",
        "resolved": "13.0.1",
        "contentHash": "ppPFpBcvxdsfUonNcvITKqLl3bqxWbDCZIzDWHzjpdAHRFfZe0Dw9HmA0+za13IdyrgJwpkDTDA9fHaxOrt20A=="
      }
    }
  }
}