{
  "version": 1,
  "dependencies": {
    "net10.0": {
      "Azure.AI.Translation.Document": {
        "type": "Direct",
        "requested": "[2.0.0, )",
        "resolved": "2.0.0",
        "contentHash": "zNqMq7eEDvpavqUTG2O1dw+aVx+00LgDA76u/mc+aHF+XdM/lA3zWhNEnCo7aKXA3BluLsr37ZYzeaIrDixuPA==",
        "dependencies": {
          "Azure.Core": "1.44.1"
        }
      },
      "Azure.AI.Translation.Text": {
        "type": "Direct",
        "requested": "[1.0.0, )",
        "resolved": "1.0.0",
        "contentHash": "1NuUYXydLzlJH8NXuq3SIBvCJ1VDSXJym0BA24bFWkLMDluYQaS4pwmrVyEfTqFmqO1fqzAxP87RMqH+zWdr4Q==",
        "dependencies": {
          "Azure.Core": "1.39.0",
          "System.ClientModel": "1.0.0"
        }
      },
      "Azure.Core": {
        "type": "Direct",
        "requested": "[1.55.0, )",
        "resolved": "1.55.0",
        "contentHash": "c7femvYS/xEUrLP1sNZN+DoQZmx3X+G3ZXtOOz0RL/7cGMCM3JVqepVmRd3AwM4IK8AtTGS4GOigCO+d/zaSsQ==",
        "dependencies": {
          "Microsoft.Bcl.AsyncInterfaces": "10.0.3",
          "Microsoft.Identity.Client": "4.83.1",
          "Microsoft.Identity.Client.Extensions.Msal": "4.83.1",
          "System.ClientModel": "1.11.0",
          "System.Memory.Data": "10.0.3"
        }
      },
      "Azure.Monitor.OpenTelemetry.AspNetCore": {
        "type": "Direct",
        "requested": "[1.5.0, )",
        "resolved": "1.5.0",
        "contentHash": "jXyeb4E5gB/VQt3EkNEyP1L+TgRT/66RcN21o0QQ3cIVywZC7V7I42s9cA7Yy9Ezd4RnSqATHb/c76QIMixF1Q==",
        "dependencies": {
          "Azure.Core": "1.54.0",
          "Azure.Monitor.OpenTelemetry.Exporter": "1.8.0",
          "OpenTelemetry.Extensions.Hosting": "1.15.3",
          "OpenTelemetry.Instrumentation.AspNetCore": "1.15.2",
          "OpenTelemetry.Instrumentation.Http": "1.15.1"
        }
      },
      "Azure.Storage.Blobs": {
        "type": "Direct",
        "requested": "[12.28.0, )",
        "resolved": "12.28.0",
        "contentHash": "OK6slT3Hq3Yp2HWA0e23YHheHzKNbYjBZOwdT4fQ1iMH6I/8e6X8kAJLuKqVUeFBy160QSwhsynA3HxhVSHEcg==",
        "dependencies": {
          "Azure.Core": "1.51.1",
          "Azure.Storage.Common": "12.27.0"
        }
      },
      "contentful.aspnetcore": {
        "type": "Direct",
        "requested": "[8.6.1, )",
        "resolved": "8.6.1",
        "contentHash": "KRZI3Xcu2jWPqm0APUjSXVxx+sHV+aF+p9bDWs8WLYxvEatflUM29UaXMt36zgprQuVfGgi2Tibd5chlbcf7cw==",
        "dependencies": {
          "contentful.csharp": "8.6.1"
        }
      },
      "HtmlAgilityPack": {
        "type": "Direct",
        "requested": "[1.12.4, )",
        "resolved": "1.12.4",
        "contentHash": "ljqvBabvFwKoLniuoQKO8b5bJfJweKLs4fUNS/V5dsvpo0A8MlJqxxn9XVmP2DaskbUXty6IYaWAi1SArGIMeQ=="
      },
      "Joonasw.AspNetCore.SecurityHeaders": {
        "type": "Direct",
        "requested": "[6.0.0, )",
        "resolved": "6.0.0",
        "contentHash": "tuiKMG/YEMXzDC5Wpi6/HMPC2nUW9OgNZ0w5iPckd0Y9RI8zZ5i4eicN554P//lBn9Ht2pRLwK7NdTk1BAeqew=="
      },
      "Microsoft.ApplicationInsights": {
        "type": "Direct",
        "requested": "[2.23.0, )",
        "resolved": "2.23.0",
        "contentHash": "nWArUZTdU7iqZLycLKWe0TDms48KKGE6pONH2terYNa8REXiqixrMOkf1sk5DHGMaUTqONU2YkS4SAXBhLStgw=="
      },
      "Microsoft.Extensions.Azure": {
        "type": "Direct",
        "requested": "[1.14.0, )",
        "resolved": "1.14.0",
        "contentHash": "g4d2TLfbAiZeXBcGkJdgIl2ZzqMcepMUbECENgg4XXqDU8uGAUwBxJb6x2DBpF6BY09vrHO0Ug3xZcH+cVbMrQ==",
        "dependencies": {
          "Azure.Core": "1.53.0"
        }
      },
      "Microsoft.Extensions.Caching.StackExchangeRedis": {
        "type": "Direct",
        "requested": "[9.0.15, )",
        "resolved": "9.0.15",
        "contentHash": "A6cPl6wUW4wLOl03kqVzFYOzMVpFlOOjK5czvpYoqMMJgx3guzbyaugkeLmLfT5Vv2HXPkvBebxRgylgkkGuSg==",
        "dependencies": {
          "StackExchange.Redis": "2.7.27"
        }
      },
      "OpenTelemetry.Api": {
        "type": "Direct",
        "requested": "[1.15.3, )",
        "resolved": "1.15.3",
        "contentHash": "fX+fkCysfPut+qCcT3bKqyX4QN9Saf4CgX8HLOHywEVD+Xr7sULtfuypITpoDysjx8R59dn/3mWhgimMH8cm/g=="
      },
      "OpenTelemetry.Extensions.Hosting": {
        "type": "Direct",
        "requested": "[1.15.3, )",
        "resolved": "1.15.3",
        "contentHash": "u8n/W8yIlqv0BXZmvId1iVaeWXG42tGKdTkuLYg5g57Y/r9CeUNzqtrSHNdG5IoO8iPX79w3v+WsbAHgUQbfeg==",
        "dependencies": {
          "OpenTelemetry": "1.15.3"
        }
      },
      "OpenTelemetry.Instrumentation.AspNetCore": {
        "type": "Direct",
        "requested": "[1.15.2, )",
        "resolved": "1.15.2",
        "contentHash": "2nPd7r0ug/gd6/CNFL6Rlu+RSQ9WYGSGHAYQ1ssbSqyzKJpqTunfx2I/1O0WB5k+L0cyXbG4XVZpoSoUc3M7wg==",
        "dependencies": {
          "OpenTelemetry.Api.ProviderBuilderExtensions": "[1.15.3, 2.0.0)"
        }
      },
      "OpenTelemetry.Instrumentation.Http": {
        "type": "Direct",
        "requested": "[1.15.1, )",
        "resolved": "1.15.1",
        "contentHash": "vFO4Fj/dXkoVNGo/nhoGpO2zYQmZwr4jTID7oRGo+XlQ8LqksyZjUXQ4p39RfUvTID7IzzL8Qe71tW7CcAFymA==",
        "dependencies": {
          "OpenTelemetry.Api.ProviderBuilderExtensions": "[1.15.3, 2.0.0)"
        }
      },
      "Serilog": {
        "type": "Direct",
        "requested": "[4.3.1, )",
        "resolved": "4.3.1",
        "contentHash": "savYe7h5yRlkqBVOwP8cIRDOdqKiPmYCU4W87JH38sBmcKD5EBoXvQIw6bNEvZ/pTe1gsiye3VFCzBsoppGkXQ=="
      },
      "Serilog.AspNetCore": {
        "type": "Direct",
        "requested": "[9.0.0, )",
        "resolved": "9.0.0",
        "contentHash": "JslDajPlBsn3Pww1554flJFTqROvK9zz9jONNQgn0D8Lx2Trw8L0A8/n6zEQK1DAZWXrJwiVLw8cnTR3YFuYsg==",
        "dependencies": {
          "Serilog": "4.2.0",
          "Serilog.Extensions.Hosting": "9.0.0",
          "Serilog.Formatting.Compact": "3.0.0",
          "Serilog.Settings.Configuration": "9.0.0",
          "Serilog.Sinks.Console": "6.0.0",
          "Serilog.Sinks.Debug": "3.0.0",
          "Serilog.Sinks.File": "6.0.0"
        }
      },
      "Serilog.Sinks.ApplicationInsights": {
        "type": "Direct",
        "requested": "[5.0.1, )",
        "resolved": "5.0.1",
        "contentHash": "JCM6e7GfR4ZW5fsILjQHL4DrJJYM6k6BLZ6LrGXhsRYt0FbKhvC26dVJ7TNVxf1M0ZGKkEzDywbajsNswUxp6g==",
        "dependencies": {
          "Microsoft.ApplicationInsights": "[2.23.0, 3.0.0)",
          "Serilog": "4.3.1"
        }
      },
      "WebMarkupMin.AspNet.Brotli": {
        "type": "Direct",
        "requested": "[2.20.2, )",
        "resolved": "2.20.2",
        "contentHash": "30nLTv6gled0I9JuL8W9uv0JOSq4WTBjlvdUnhGMzQUQz9Wp3RTeP5Z8Oc3Y+7GGv2frDGpjJgbrJ7fpNubk2g==",
        "dependencies": {
          "WebMarkupMin.AspNet.Common": "2.20.2"
        }
      },
      "WebMarkupMin.AspNetCoreLatest": {
        "type": "Direct",
        "requested": "[2.21.0, )",
        "resolved": "2.21.0",
        "contentHash": "k99gUEtoubvgYNx9xHlv2EE5ERva0yXz5Gpl2qeTjP0usq6hhyPVvPF9NCxo4g6e5Y3KonlJgsSdaUVuyeGxJw==",
        "dependencies": {
          "WebMarkupMin.AspNet.Common": "2.21.0"
        }
      },
      "ZiggyCreatures.FusionCache.Backplane.Memory": {
        "type": "Direct",
        "requested": "[2.6.0, )",
        "resolved": "2.6.0",
        "contentHash": "gQinbE6MFCmyUlqZvqmPSssWhgwWK3j/nNEBETFoghJrr6mlcbqaff4PuGf38kwj/JLZZ7xIPxYBq1wXkNHmAg==",
        "dependencies": {
          "ZiggyCreatures.FusionCache": "2.6.0"
        }
      },
      "ZiggyCreatures.FusionCache.Backplane.StackExchangeRedis": {
        "type": "Direct",
        "requested": "[2.6.0, )",
        "resolved": "2.6.0",
        "contentHash": "GHzTt4OVBzVcajgFUJ8oHLmBZJPF+pi044LKG5rTS44ECcSxfzzvSnVZoTPrECbPl3tG96TyiLM+P4uIvzZWPQ==",
        "dependencies": {
          "StackExchange.Redis": "2.10.1",
          "ZiggyCreatures.FusionCache": "2.6.0"
        }
      },
      "ZiggyCreatures.FusionCache.OpenTelemetry": {
        "type": "Direct",
        "requested": "[2.6.0, )",
        "resolved": "2.6.0",
        "contentHash": "q917DogvL6Y9GamCLz6n/diC56sWUI3rvIuoZsqW7fyw7toWjcVDtSs/5mN8Weafbaj86RQSV5Q5Ysrm1ueJKQ==",
        "dependencies": {
          "OpenTelemetry.Api": "1.14.0",
          "ZiggyCreatures.FusionCache": "2.6.0"
        }
      },
      "ZiggyCreatures.FusionCache.Serialization.NewtonsoftJson": {
        "type": "Direct",
        "requested": "[2.6.0, )",
        "resolved": "2.6.0",
        "contentHash": "NNalxX8A9gD3uRwT227vwrY+U2vu6PdYwO+pL2BOZJrHp2UPX83Sj405YQvQUzIWrq8sljf0N5Wcq8ahTDPTtQ==",
        "dependencies": {
          "Newtonsoft.Json": "13.0.4",
          "ZiggyCreatures.FusionCache": "2.6.0"
        }
      },
      "AdvancedStringBuilder": {
        "type": "Transitive",
        "resolved": "0.2.0",
        "contentHash": "+XOjGvq+4pnmAWLLUimuINKsQTHEqxuA6eDkqUmzIBEsQH1Uz55nGmgVHE6QsocOk1BGnu1janyPeH+cOt00Tg=="
      },
      "Azure.Monitor.OpenTelemetry.Exporter": {
        "type": "Transitive",
        "resolved": "1.8.0",
        "contentHash": "JbNUQIK7uZ7Mg2fZzdsjqC/eso3Ag/tMwCqYvGvedyE1fObe6JAwCaCSMZDMrhrAaFn8x8+ZaKJelfcEK5MCcg==",
        "dependencies": {
          "Azure.Core": "1.54.0",
          "OpenTelemetry.Extensions.Hosting": "1.15.3",
          "OpenTelemetry.PersistentStorage.FileSystem": "1.0.3"
        }
      },
      "Azure.Storage.Common": {
        "type": "Transitive",
        "resolved": "12.27.0",
        "contentHash": "PBucMNzot6cYyN0isdte50iPCefJ4Ylg0B+KP4kxmqsc3ciOiDYh1MwVV6fPZPjoPnPvNRLN9TI6J5hgNf4huA==",
        "dependencies": {
          "Azure.Core": "1.51.1",
          "System.IO.Hashing": "10.0.3"
        }
      },
      "contentful.csharp": {
        "type": "Transitive",
        "resolved": "8.6.1",
        "contentHash": "eLcGup9fXCFFvl5jBtCpkKpUWf00KutG0yoQXpoPXs3C2y21K61p1+1o6D8RQsFksXhfnwuITTDL0KUaTwwZvg==",
        "dependencies": {
          "Newtonsoft.Json": "13.0.1"
        }
      },
      "Microsoft.Bcl.AsyncInterfaces": {
        "type": "Transitive",
        "resolved": "10.0.3",
        "contentHash": "TV62UsrJZPX6gbt3c4WrtXh7bmaDIcMqf9uft1cc4L6gJXOU07hDGEh+bFQh/L2Az0R1WVOkiT66lFqS6G2NmA=="
      },
      "Microsoft.Extensions.DependencyModel": {
        "type": "Transitive",
        "resolved": "9.0.0",
        "contentHash": "saxr2XzwgDU77LaQfYFXmddEDRUKHF4DaGMZkNB3qjdVSZlax3//dGJagJkKrGMIPNZs2jVFXITyCCR6UHJNdA=="
      },
      "Microsoft.Identity.Client": {
        "type": "Transitive",
        "resolved": "4.83.1",
        "contentHash": "jOLIrZ3cynoqHLLO1cXplFFabrhrMEYs/EuKHvmCyrOm1axqiVFT6nCSnHxk7w5+d2BeQfCdM12Yf/0X7OeS1g==",
        "dependencies": {
          "Microsoft.IdentityModel.Abstractions": "8.14.0"
        }
      },
      "Microsoft.Identity.Client.Extensions.Msal": {
        "type": "Transitive",
        "resolved": "4.83.1",
        "contentHash": "I3k4J4Hj4KbLEFanjeUzzDOVecukETaTgEkJ7h2pP/Yazs6SLp6TVUTo/Eo+ptPXMwvc+iX7rBFtMSUrA7R+Mg==",
        "dependencies": {
          "Microsoft.Identity.Client": "4.83.1",
          "System.Security.Cryptography.ProtectedData": "4.5.0"
        }
      },
      "Microsoft.IdentityModel.Abstractions": {
        "type": "Transitive",
        "resolved": "8.14.0",
        "contentHash": "iwbCpSjD3ehfTwBhtSNEtKPK0ICun6ov7Ibx6ISNA9bfwIyzI2Siwyi9eJFCJBwxowK9xcA1mj+jBWiigeqgcQ=="
      },
      "Newtonsoft.Json": {
        "type": "Transitive",
        "resolved": "13.0.4",
        "contentHash": "pdgNNMai3zv51W5aq268sujXUyx7SNdE2bj1wZcWjAQrKMFZV260lbqYop1d2GM67JI1huLRwxo9ZqnfF/lC6A=="
      },
      "OpenTelemetry": {
        "type": "Transitive",
        "resolved": "1.15.3",
        "contentHash": "N0i6WjPoHPbZyms1ugbDIFAJFuGlpeExJMU/+XSL0lQRUkg/D0utFkDoLXf8Z1km5B+xVZ2GyMXXiX8qdeNmPg==",
        "dependencies": {
          "OpenTelemetry.Api.ProviderBuilderExtensions": "1.15.3"
        }
      },
      "OpenTelemetry.Api.ProviderBuilderExtensions": {
        "type": "Transitive",
        "resolved": "1.15.3",
        "contentHash": "SYn0lqYDwLMWhv/zlNGsQcl2yX++yTumanX46bmOZE/ZDOd1WjPBO2kZaZgKLEZTZk48pavIFGJ6vOvxXgWVFQ==",
        "dependencies": {
          "OpenTelemetry.Api": "1.15.3"
        }
      },
      "OpenTelemetry.PersistentStorage.Abstractions": {
        "type": "Transitive",
        "resolved": "1.0.3",
        "contentHash": "7nSE1uLY0KOHRssg1xQydDZJ/s9zECOzFT/gSDIp1KTxbgd1yziuMTsdBKZ/N1BbpUxfH6Pjq5OMd7lYogwReA=="
      },
      "OpenTelemetry.PersistentStorage.FileSystem": {
        "type": "Transitive",
        "resolved": "1.0.3",
        "contentHash": "3k+yCroJcGBtZIia+0LgzMlBuD0U95BzcWNEGWedusBaRAD8EmkaCPAUwaCtFbb/Mg7HywbIG2zuenANPYFJ0g==",
        "dependencies": {
          "OpenTelemetry.PersistentStorage.Abstractions": "1.0.3"
        }
      },
      "Pipelines.Sockets.Unofficial": {
        "type": "Transitive",
        "resolved": "2.2.8",
        "contentHash": "zG2FApP5zxSx6OcdJQLbZDk2AVlN2BNQD6MorwIfV6gVj0RRxWPEp2LXAxqDGZqeNV1Zp0BNPcNaey/GXmTdvQ=="
      },
      "Serilog.Extensions.Hosting": {
        "type": "Transitive",
        "resolved": "9.0.0",
        "contentHash": "u2TRxuxbjvTAldQn7uaAwePkWxTHIqlgjelekBtilAGL5sYyF3+65NWctN4UrwwGLsDC7c3Vz3HnOlu+PcoxXg==",
        "dependencies": {
          "Serilog": "4.2.0",
          "Serilog.Extensions.Logging": "9.0.0"
        }
      },
      "Serilog.Extensions.Logging": {
        "type": "Transitive",
        "resolved": "9.0.0",
        "contentHash": "NwSSYqPJeKNzl5AuXVHpGbr6PkZJFlNa14CdIebVjK3k/76kYj/mz5kiTRNVSsSaxM8kAIa1kpy/qyT9E4npRQ==",
        "dependencies": {
          "Serilog": "4.2.0"
        }
      },
      "Serilog.Formatting.Compact": {
        "type": "Transitive",
        "resolved": "3.0.0",
        "contentHash": "wQsv14w9cqlfB5FX2MZpNsTawckN4a8dryuNGbebB/3Nh1pXnROHZov3swtu3Nj5oNG7Ba+xdu7Et/ulAUPanQ==",
        "dependencies": {
          "Serilog": "4.0.0"
        }
      },
      "Serilog.Settings.Configuration": {
        "type": "Transitive",
        "resolved": "9.0.0",
        "contentHash": "4/Et4Cqwa+F88l5SeFeNZ4c4Z6dEAIKbu3MaQb2Zz9F/g27T5a3wvfMcmCOaAiACjfUb4A6wrlTVfyYUZk3RRQ==",
        "dependencies": {
          "Microsoft.Extensions.DependencyModel": "9.0.0",
          "Serilog": "4.2.0"
        }
      },
      "Serilog.Sinks.Console": {
        "type": "Transitive",
        "resolved": "6.0.0",
        "contentHash": "fQGWqVMClCP2yEyTXPIinSr5c+CBGUvBybPxjAGcf7ctDhadFhrQw03Mv8rJ07/wR5PDfFjewf2LimvXCDzpbA==",
        "dependencies": {
          "Serilog": "4.0.0"
        }
      },
      "Serilog.Sinks.Debug": {
        "type": "Transitive",
        "resolved": "3.0.0",
        "contentHash": "4BzXcdrgRX7wde9PmHuYd9U6YqycCC28hhpKonK7hx0wb19eiuRj16fPcPSVp0o/Y1ipJuNLYQ00R3q2Zs8FDA==",
        "dependencies": {
          "Serilog": "4.0.0"
        }
      },
      "Serilog.Sinks.File": {
        "type": "Transitive",
        "resolved": "6.0.0",
        "contentHash": "lxjg89Y8gJMmFxVkbZ+qDgjl+T4yC5F7WSLTvA+5q0R04tfKVLRL/EHpYoJ/MEQd2EeCKDuylBIVnAYMotmh2A==",
        "dependencies": {
          "Serilog": "4.0.0"
        }
      },
      "StackExchange.Redis": {
        "type": "Transitive",
        "resolved": "2.10.1",
        "contentHash": "se08WZvD42H3bV4XBW07pupTiE2/72qStKyi/lRqqcijksFWfRtwLTuhFtZ4OX19f4+we/2qruFZBXYJBFc8PQ==",
        "dependencies": {
          "Pipelines.Sockets.Unofficial": "2.2.8",
          "System.IO.Hashing": "9.0.10"
        }
      },
      "System.ClientModel": {
        "type": "Transitive",
        "resolved": "1.11.0",
        "contentHash": "1Wl32zh7TbvN+HAO8NqDuaN0Ao2Qu/0j0NJSrXGDtpUQsTXQYJ3C6hd9/Ds2IrgP4agMQYFoXB35GZfC21ByHw==",
        "dependencies": {
          "System.Memory.Data": "10.0.3"
        }
      },
      "System.IO.Hashing": {
        "type": "Transitive",
        "resolved": "10.0.3",
        "contentHash": "La6ICwsdTKhVX+LKN+pvFjQRR3LhLwq3uKdi2knjLzRyPYBSydF4cjXidYxIiTcDD6XVYdsBWQEI8ZxiZ/OdIg=="
      },
      "System.Memory.Data": {
        "type": "Transitive",
        "resolved": "10.0.3",
        "contentHash": "MaGhRfGunmrj/nHjtsi9XkhlYJ/ERGWrbA+BiSKNtGnAjc9XlG5EhAvak6VRcX5LYzPF6pBO8nJ613dTgzabig=="
      },
      "System.Security.Cryptography.ProtectedData": {
        "type": "Transitive",
        "resolved": "4.5.0",
        "contentHash": "wLBKzFnDCxP12VL9ANydSYhk59fC4cvOr9ypYQLPnAj48NQIhqnjdD2yhP8yEKyBJEjERWS9DisKL7rX5eU25Q=="
      },
      "WebMarkupMin.AspNet.Common": {
        "type": "Transitive",
        "resolved": "2.21.0",
        "contentHash": "q2Y5Cej6UXTdT7zDA5d1XMnr8jZBRTwJxRjGui/faBPXYlvUWy4Qij2fqfpsTxprYc96A+vUoxl0belNNCEOcQ==",
        "dependencies": {
          "WebMarkupMin.Core": "2.21.0"
        }
      },
      "WebMarkupMin.Core": {
        "type": "Transitive",
        "resolved": "2.21.0",
        "contentHash": "/8zGdjDObXPadupzjV0iixXWgFTvh17n78ZFsWmnLy5us3i3ZaE5HD7P2HJFOe9ZiaWVxZOVQ3gDNvzMmG1VPQ==",
        "dependencies": {
          "AdvancedStringBuilder": "0.2.0"
        }
      },
      "ZiggyCreatures.FusionCache": {
        "type": "Transitive",
        "resolved": "2.6.0",
        "contentHash": "BCe+/SkwQZfaMpq2ZGDZB2pyx6BdGnP+zxqjMM/5K+4PBuH6hljZeIqH4KVzQ26khSbPsQ7IiYZl0Fve4OZOog=="
      }
    }
  }
}