
Microsoft Visual Studio Solution File, Format Version 12.00
Project("{FAE04EC0-301F-11D3-BF4B-00C04F79EFBC}") = "CareLeavers.Web", "web\CareLeavers.Web\CareLeavers.Web.csproj", "{08D11B54-FD14-4496-B8E1-B77D7C9BF44F}"
EndProject
Project("{2150E333-8FDC-42A3-9474-1A3956D46DE8}") = "tests", "tests", "{44B75E10-4732-4A3D-9EB6-41EC5CBF114F}"
EndProject
Project("{FAE04EC0-301F-11D3-BF4B-00C04F79EFBC}") = "CareLeavers.Integration.Tests", "web\tests\CareLeavers.Integration.Tests\CareLeavers.Integration.Tests.csproj", "{E2693F79-63D7-4F3D-9C0B-F5E31D94EB99}"
EndProject
Project("{2150E333-8FDC-42A3-9474-1A3956D46DE8}") = "web", "web", "{3AEA36B3-C8A6-475D-B849-0D334C5F9A43}"
EndProject
Project("{2150E333-8FDC-42A3-9474-1A3956D46DE8}") = "e2e", "e2e", "{5B9503C4-4DCA-448D-96E1-3408B91E71B1}"
EndProject
Project("{2150E333-8FDC-42A3-9474-1A3956D46DE8}") = "infrastructure", "infrastructure", "{9E5853BE-22B8-406E-B305-CED3484E201F}"
EndProject
Project("{2150E333-8FDC-42A3-9474-1A3956D46DE8}") = "terraform", "terraform", "{8DC45152-DAB5-4175-B769-4810089C40F7}"
EndProject
Project("{2150E333-8FDC-42A3-9474-1A3956D46DE8}") = "docker", "docker", "{BE87DC58-9B7F-4581-8ADB-44EB89DC6FDE}"
	ProjectSection(SolutionItems) = preProject
		infrastructure\docker\docker-compose.yml = infrastructure\docker\docker-compose.yml
	EndProjectSection
EndProject
Project("{2150E333-8FDC-42A3-9474-1A3956D46DE8}") = "contentful", "contentful", "{CFFDF5B4-39F8-4E33-9AAA-E3D410A310EA}"
EndProject
Project("{2150E333-8FDC-42A3-9474-1A3956D46DE8}") = "migration", "migration", "{5086EB3D-847A-467C-9E10-23E9999D397E}"
EndProject
Global
	GlobalSection(SolutionConfigurationPlatforms) = preSolution
		Debug|Any CPU = Debug|Any CPU
		Release|Any CPU = Release|Any CPU
	EndGlobalSection
	GlobalSection(ProjectConfigurationPlatforms) = postSolution
		{08D11B54-FD14-4496-B8E1-B77D7C9BF44F}.Debug|Any CPU.ActiveCfg = Debug|Any CPU
		{08D11B54-FD14-4496-B8E1-B77D7C9BF44F}.Debug|Any CPU.Build.0 = Debug|Any CPU
		{08D11B54-FD14-4496-B8E1-B77D7C9BF44F}.Release|Any CPU.ActiveCfg = Release|Any CPU
		{08D11B54-FD14-4496-B8E1-B77D7C9BF44F}.Release|Any CPU.Build.0 = Release|Any CPU
		{E2693F79-63D7-4F3D-9C0B-F5E31D94EB99}.Debug|Any CPU.ActiveCfg = Debug|Any CPU
		{E2693F79-63D7-4F3D-9C0B-F5E31D94EB99}.Debug|Any CPU.Build.0 = Debug|Any CPU
		{E2693F79-63D7-4F3D-9C0B-F5E31D94EB99}.Release|Any CPU.ActiveCfg = Release|Any CPU
		{E2693F79-63D7-4F3D-9C0B-F5E31D94EB99}.Release|Any CPU.Build.0 = Release|Any CPU
	EndGlobalSection
	GlobalSection(NestedProjects) = preSolution
		{E2693F79-63D7-4F3D-9C0B-F5E31D94EB99} = {44B75E10-4732-4A3D-9EB6-41EC5CBF114F}
		{44B75E10-4732-4A3D-9EB6-41EC5CBF114F} = {3AEA36B3-C8A6-475D-B849-0D334C5F9A43}
		{08D11B54-FD14-4496-B8E1-B77D7C9BF44F} = {3AEA36B3-C8A6-475D-B849-0D334C5F9A43}
		{8DC45152-DAB5-4175-B769-4810089C40F7} = {9E5853BE-22B8-406E-B305-CED3484E201F}
		{BE87DC58-9B7F-4581-8ADB-44EB89DC6FDE} = {9E5853BE-22B8-406E-B305-CED3484E201F}
		{5086EB3D-847A-467C-9E10-23E9999D397E} = {CFFDF5B4-39F8-4E33-9AAA-E3D410A310EA}
	EndGlobalSection
EndGlobal
